
Microsoft Visual Studio Solution File, Format Version 12.00
# Visual Studio Version 17
VisualStudioVersion = 17.14.36518.9 d17.14
MinimumVisualStudioVersion = 10.0.40219.1
Project("{FAE04EC0-301F-11D3-BF4B-00C04F79EFBC}") = "RegistrationForm", "RegistrationForm\RegistrationForm.csproj", "{A368D41D-0990-4908-9DD4-A25889CC5F4E}"
EndProject
Global
	GlobalSection(SolutionConfigurationPlatforms) = preSolution
		Debug|Any CPU = Debug|Any CPU
		Release|Any CPU = Release|Any CPU
	EndGlobalSection
	GlobalSection(ProjectConfigurationPlatforms) = postSolution
		{A368D41D-0990-4908-9DD4-A25889CC5F4E}.Debug|Any CPU.ActiveCfg = Debug|Any CPU
		{A368D41D-0990-4908-9DD4-A25889CC5F4E}.Debug|Any CPU.Build.0 = Debug|Any CPU
		{A368D41D-0990-4908-9DD4-A25889CC5F4E}.Release|Any CPU.ActiveCfg = Release|Any CPU
		{A368D41D-0990-4908-9DD4-A25889CC5F4E}.Release|Any CPU.Build.0 = Release|Any CPU
	EndGlobalSection
	GlobalSection(SolutionProperties) = preSolution
		HideSolutionNode = FALSE
	EndGlobalSection
	GlobalSection(ExtensibilityGlobals) = postSolution
		SolutionGuid = {5E0F98F1-02BE-41C4-94CF-0E843530E0C2}
	EndGlobalSection
EndGlobal
